
Microsoft Visual Studio Solution File, Format Version 12.00
# Visual Studio Version 16
VisualStudioVersion = 16.0.32901.82
MinimumVisualStudioVersion = 10.0.40219.1
Project("{FAE04EC0-301F-11D3-BF4B-00C04F79EFBC}") = "TestApp", "TestApp\TestApp.csproj", "{79084A3B-CDBA-43C5-AAE4-FD4DD23BEDD6}"
EndProject
Global
	GlobalSection(SolutionConfigurationPlatforms) = preSolution
		Debug|Any CPU = Debug|Any CPU
		Release|Any CPU = Release|Any CPU
	EndGlobalSection
	GlobalSection(ProjectConfigurationPlatforms) = postSolution
		{79084A3B-CDBA-43C5-AAE4-FD4DD23BEDD6}.Debug|Any CPU.ActiveCfg = Debug|Any CPU
		{79084A3B-CDBA-43C5-AAE4-FD4DD23BEDD6}.Debug|Any CPU.Build.0 = Debug|Any CPU
		{79084A3B-CDBA-43C5-AAE4-FD4DD23BEDD6}.Release|Any CPU.ActiveCfg = Release|Any CPU
		{79084A3B-CDBA-43C5-AAE4-FD4DD23BEDD6}.Release|Any CPU.Build.0 = Release|Any CPU
	EndGlobalSection
	GlobalSection(SolutionProperties) = preSolution
		HideSolutionNode = FALSE
	EndGlobalSection
	GlobalSection(ExtensibilityGlobals) = postSolution
		SolutionGuid = {FA8710BE-5962-4695-8330-58F869291895}
	EndGlobalSection
EndGlobal
